
Microsoft Visual Studio Solution File, Format Version 12.00
# Visual Studio Version 17
VisualStudioVersion = 17.7.34202.233
MinimumVisualStudioVersion = 10.0.40219.1
Project("{9A19103F-16F7-4668-BE54-9A1E7A4F7556}") = "WebAPI1", "WebAPI1\WebAPI1.csproj", "{0FB669E2-6EE7-40A1-A2A5-01E27CBA82BD}"
EndProject
Project("{FAE04EC0-301F-11D3-BF4B-00C04F79EFBC}") = "WebAPI2", "WebAPI2\WebAPI2.csproj", "{45AD50C5-F797-47C3-AB1C-AE0999938373}"
EndProject
Global
	GlobalSection(SolutionConfigurationPlatforms) = preSolution
		Debug|Any CPU = Debug|Any CPU
		Release|Any CPU = Release|Any CPU
	EndGlobalSection
	GlobalSection(ProjectConfigurationPlatforms) = postSolution
		{0FB669E2-6EE7-40A1-A2A5-01E27CBA82BD}.Debug|Any CPU.ActiveCfg = Debug|Any CPU
		{0FB669E2-6EE7-40A1-A2A5-01E27CBA82BD}.Debug|Any CPU.Build.0 = Debug|Any CPU
		{0FB669E2-6EE7-40A1-A2A5-01E27CBA82BD}.Release|Any CPU.ActiveCfg = Release|Any CPU
		{0FB669E2-6EE7-40A1-A2A5-01E27CBA82BD}.Release|Any CPU.Build.0 = Release|Any CPU
		{45AD50C5-F797-47C3-AB1C-AE0999938373}.Debug|Any CPU.ActiveCfg = Debug|Any CPU
		{45AD50C5-F797-47C3-AB1C-AE0999938373}.Debug|Any CPU.Build.0 = Debug|Any CPU
		{45AD50C5-F797-47C3-AB1C-AE0999938373}.Release|Any CPU.ActiveCfg = Release|Any CPU
		{45AD50C5-F797-47C3-AB1C-AE0999938373}.Release|Any CPU.Build.0 = Release|Any CPU
	EndGlobalSection
	GlobalSection(SolutionProperties) = preSolution
		HideSolutionNode = FALSE
	EndGlobalSection
	GlobalSection(ExtensibilityGlobals) = postSolution
		SolutionGuid = {F0776AA2-3EF4-43A8-B94F-B5740BF07492}
	EndGlobalSection
EndGlobal
